
Microsoft Visual Studio Solution File, Format Version 12.00
# Visual Studio Version 17
VisualStudioVersion = 17.12.35728.132
MinimumVisualStudioVersion = 10.0.40219.1
Project("{FAE04EC0-301F-11D3-BF4B-00C04F79EFBC}") = "FinancialInstrumentPrices.API", "FinancialInstrumentPrices.API.csproj", "{926EC8D2-EED1-4D3C-943A-07C00DDD0495}"
EndProject
Project("{FAE04EC0-301F-11D3-BF4B-00C04F79EFBC}") = "FinancialInstrumentPrices.Infrastructure", "..\FinancialInstrumentPrices.Infrastructure\FinancialInstrumentPrices.Infrastructure.csproj", "{8780B010-B863-40D8-91C5-0B2313646AB1}"
EndProject
Project("{FAE04EC0-301F-11D3-BF4B-00C04F79EFBC}") = "FinancialInstrumentPrices.Domain", "..\FinancialInstrumentPrices.Domain\FinancialInstrumentPrices.Domain.csproj", "{4DFE7761-FAEB-4A40-9AAB-72A684E79CAF}"
EndProject
Project("{FAE04EC0-301F-11D3-BF4B-00C04F79EFBC}") = "FinancialInstruments.StressTesting", "..\FinancialInstruments.StressTesting\FinancialInstruments.StressTesting.csproj", "{FE753A77-6F46-46FC-9B6F-7CF1221D0D51}"
EndProject
Global
	GlobalSection(SolutionConfigurationPlatforms) = preSolution
		Debug|Any CPU = Debug|Any CPU
		Release|Any CPU = Release|Any CPU
	EndGlobalSection
	GlobalSection(ProjectConfigurationPlatforms) = postSolution
		{926EC8D2-EED1-4D3C-943A-07C00DDD0495}.Debug|Any CPU.ActiveCfg = Debug|Any CPU
		{926EC8D2-EED1-4D3C-943A-07C00DDD0495}.Debug|Any CPU.Build.0 = Debug|Any CPU
		{926EC8D2-EED1-4D3C-943A-07C00DDD0495}.Release|Any CPU.ActiveCfg = Release|Any CPU
		{926EC8D2-EED1-4D3C-943A-07C00DDD0495}.Release|Any CPU.Build.0 = Release|Any CPU
		{8780B010-B863-40D8-91C5-0B2313646AB1}.Debug|Any CPU.ActiveCfg = Debug|Any CPU
		{8780B010-B863-40D8-91C5-0B2313646AB1}.Debug|Any CPU.Build.0 = Debug|Any CPU
		{8780B010-B863-40D8-91C5-0B2313646AB1}.Release|Any CPU.ActiveCfg = Release|Any CPU
		{8780B010-B863-40D8-91C5-0B2313646AB1}.Release|Any CPU.Build.0 = Release|Any CPU
		{4DFE7761-FAEB-4A40-9AAB-72A684E79CAF}.Debug|Any CPU.ActiveCfg = Debug|Any CPU
		{4DFE7761-FAEB-4A40-9AAB-72A684E79CAF}.Debug|Any CPU.Build.0 = Debug|Any CPU
		{4DFE7761-FAEB-4A40-9AAB-72A684E79CAF}.Release|Any CPU.ActiveCfg = Release|Any CPU
		{4DFE7761-FAEB-4A40-9AAB-72A684E79CAF}.Release|Any CPU.Build.0 = Release|Any CPU
		{FE753A77-6F46-46FC-9B6F-7CF1221D0D51}.Debug|Any CPU.ActiveCfg = Debug|Any CPU
		{FE753A77-6F46-46FC-9B6F-7CF1221D0D51}.Debug|Any CPU.Build.0 = Debug|Any CPU
		{FE753A77-6F46-46FC-9B6F-7CF1221D0D51}.Release|Any CPU.ActiveCfg = Release|Any CPU
		{FE753A77-6F46-46FC-9B6F-7CF1221D0D51}.Release|Any CPU.Build.0 = Release|Any CPU
	EndGlobalSection
	GlobalSection(SolutionProperties) = preSolution
		HideSolutionNode = FALSE
	EndGlobalSection
EndGlobal
